
Microsoft Visual Studio Solution File, Format Version 12.00
# Visual Studio 15
VisualStudioVersion = 15.0.28307.136
MinimumVisualStudioVersion = 10.0.40219.1
Project("{9A19103F-16F7-4668-BE54-9A1E7A4F7556}") = "MealPlanner.Core", "MealPlanner.Core\MealPlanner.Core.csproj", "{8224A2F2-6817-43C6-8F99-C13534EA4A53}"
EndProject
Project("{9A19103F-16F7-4668-BE54-9A1E7A4F7556}") = "MealPlanner.Infrastructure", "MealPlanner.Infrastructure\MealPlanner.Infrastructure.csproj", "{11F153FE-CEEA-4294-AD56-CECB22D04C98}"
EndProject
Project("{9A19103F-16F7-4668-BE54-9A1E7A4F7556}") = "MealPlanner.API", "MealPlanner.API\MealPlanner.API.csproj", "{542E7230-B8C9-4084-AC28-FFEF7528ECB9}"
EndProject
Project("{2150E333-8FDC-42A3-9474-1A3956D46DE8}") = "src", "src", "{A72A3183-7A31-4786-A57A-A733C42D22F0}"
EndProject
Project("{2150E333-8FDC-42A3-9474-1A3956D46DE8}") = "tests", "tests", "{FC6F798F-9185-4BC4-9CDE-B077346C3E02}"
EndProject
Project("{FAE04EC0-301F-11D3-BF4B-00C04F79EFBC}") = "UnitTests", "UnitTests\UnitTests.csproj", "{39B83B46-D843-4606-BA2B-4F5F511C5DBA}"
EndProject
Project("{FAE04EC0-301F-11D3-BF4B-00C04F79EFBC}") = "IntegrationTests", "IntegrationTests\IntegrationTests.csproj", "{3FD66E2E-321E-4417-8C61-025A2430FFDC}"
EndProject
Global
	GlobalSection(SolutionConfigurationPlatforms) = preSolution
		Debug|Any CPU = Debug|Any CPU
		Release|Any CPU = Release|Any CPU
	EndGlobalSection
	GlobalSection(ProjectConfigurationPlatforms) = postSolution
		{8224A2F2-6817-43C6-8F99-C13534EA4A53}.Debug|Any CPU.ActiveCfg = Debug|Any CPU
		{8224A2F2-6817-43C6-8F99-C13534EA4A53}.Debug|Any CPU.Build.0 = Debug|Any CPU
		{8224A2F2-6817-43C6-8F99-C13534EA4A53}.Release|Any CPU.ActiveCfg = Release|Any CPU
		{8224A2F2-6817-43C6-8F99-C13534EA4A53}.Release|Any CPU.Build.0 = Release|Any CPU
		{11F153FE-CEEA-4294-AD56-CECB22D04C98}.Debug|Any CPU.ActiveCfg = Debug|Any CPU
		{11F153FE-CEEA-4294-AD56-CECB22D04C98}.Debug|Any CPU.Build.0 = Debug|Any CPU
		{11F153FE-CEEA-4294-AD56-CECB22D04C98}.Release|Any CPU.ActiveCfg = Release|Any CPU
		{11F153FE-CEEA-4294-AD56-CECB22D04C98}.Release|Any CPU.Build.0 = Release|Any CPU
		{542E7230-B8C9-4084-AC28-FFEF7528ECB9}.Debug|Any CPU.ActiveCfg = Debug|Any CPU
		{542E7230-B8C9-4084-AC28-FFEF7528ECB9}.Debug|Any CPU.Build.0 = Debug|Any CPU
		{542E7230-B8C9-4084-AC28-FFEF7528ECB9}.Release|Any CPU.ActiveCfg = Release|Any CPU
		{542E7230-B8C9-4084-AC28-FFEF7528ECB9}.Release|Any CPU.Build.0 = Release|Any CPU
		{39B83B46-D843-4606-BA2B-4F5F511C5DBA}.Debug|Any CPU.ActiveCfg = Debug|Any CPU
		{39B83B46-D843-4606-BA2B-4F5F511C5DBA}.Debug|Any CPU.Build.0 = Debug|Any CPU
		{39B83B46-D843-4606-BA2B-4F5F511C5DBA}.Release|Any CPU.ActiveCfg = Release|Any CPU
		{39B83B46-D843-4606-BA2B-4F5F511C5DBA}.Release|Any CPU.Build.0 = Release|Any CPU
		{3FD66E2E-321E-4417-8C61-025A2430FFDC}.Debug|Any CPU.ActiveCfg = Debug|Any CPU
		{3FD66E2E-321E-4417-8C61-025A2430FFDC}.Debug|Any CPU.Build.0 = Debug|Any CPU
		{3FD66E2E-321E-4417-8C61-025A2430FFDC}.Release|Any CPU.ActiveCfg = Release|Any CPU
		{3FD66E2E-321E-4417-8C61-025A2430FFDC}.Release|Any CPU.Build.0 = Release|Any CPU
	EndGlobalSection
	GlobalSection(SolutionProperties) = preSolution
		HideSolutionNode = FALSE
	EndGlobalSection
	GlobalSection(NestedProjects) = preSolution
		{8224A2F2-6817-43C6-8F99-C13534EA4A53} = {A72A3183-7A31-4786-A57A-A733C42D22F0}
		{11F153FE-CEEA-4294-AD56-CECB22D04C98} = {A72A3183-7A31-4786-A57A-A733C42D22F0}
		{542E7230-B8C9-4084-AC28-FFEF7528ECB9} = {A72A3183-7A31-4786-A57A-A733C42D22F0}
		{39B83B46-D843-4606-BA2B-4F5F511C5DBA} = {FC6F798F-9185-4BC4-9CDE-B077346C3E02}
		{3FD66E2E-321E-4417-8C61-025A2430FFDC} = {FC6F798F-9185-4BC4-9CDE-B077346C3E02}
	EndGlobalSection
	GlobalSection(ExtensibilityGlobals) = postSolution
		SolutionGuid = {40BCF603-628D-492B-91FD-9CB2596D1AF5}
	EndGlobalSection
EndGlobal
